// !$*UTF8*$!
{
	archiveVersion = 1;
	classes = {
	};
	objectVersion = 45;
	objects = {

/* Begin PBXBuildFile section */
		9A4DE87F134775A400EE2801 /* Parser.h in Headers */ = {isa = PBXBuildFile; fileRef = 9A4DE87D134775A400EE2801 /* Parser.h */; };
		9A4DE880134775A400EE2801 /* Parser.m in Sources */ = {isa = PBXBuildFile; fileRef = 9A4DE87E134775A400EE2801 /* Parser.m */; };
		9A4DEABA134875B100EE2801 /* libCore.a in Frameworks */ = {isa = PBXBuildFile; fileRef = D2AAC07E0554694100DB518D /* libCore.a */; };
		9A4DEABB134875BC00EE2801 /* Xcode324iOS41TestSuiteWorkaround.m in Sources */ = {isa = PBXBuildFile; fileRef = 9A4DE924134795D600EE2801 /* Xcode324iOS41TestSuiteWorkaround.m */; };
		9A4DEABC134875BC00EE2801 /* ParserTest.m in Sources */ = {isa = PBXBuildFile; fileRef = 9A4DE91F1347940600EE2801 /* ParserTest.m */; };
		9A649099134B22520061A36F /* AccountsManager.h in Headers */ = {isa = PBXBuildFile; fileRef = 9A649097134B22520061A36F /* AccountsManager.h */; };
		9A64909A134B22520061A36F /* AccountsManager.m in Sources */ = {isa = PBXBuildFile; fileRef = 9A649098134B22520061A36F /* AccountsManager.m */; };
		9A64909B134B22520061A36F /* AccountsManager.m in Sources */ = {isa = PBXBuildFile; fileRef = 9A649098134B22520061A36F /* AccountsManager.m */; };
		9A64909E134B230E0061A36F /* TransactionManager.h in Headers */ = {isa = PBXBuildFile; fileRef = 9A64909C134B230E0061A36F /* TransactionManager.h */; };
		9A64909F134B230E0061A36F /* TransactionManager.m in Sources */ = {isa = PBXBuildFile; fileRef = 9A64909D134B230E0061A36F /* TransactionManager.m */; };
		9A6490A0134B230E0061A36F /* TransactionManager.m in Sources */ = {isa = PBXBuildFile; fileRef = 9A64909D134B230E0061A36F /* TransactionManager.m */; };
		9A6490D2134CCA640061A36F /* AccountsManagerTest.m in Sources */ = {isa = PBXBuildFile; fileRef = 9A6490D1134CCA640061A36F /* AccountsManagerTest.m */; };
		AA747D9F0F9514B9006C5449 /* Core_Prefix.pch in Headers */ = {isa = PBXBuildFile; fileRef = AA747D9E0F9514B9006C5449 /* Core_Prefix.pch */; };
		AACBBE4A0F95108600F1A2B1 /* Foundation.framework in Frameworks */ = {isa = PBXBuildFile; fileRef = AACBBE490F95108600F1A2B1 /* Foundation.framework */; };
/* End PBXBuildFile section */

/* Begin PBXContainerItemProxy section */
		9A4DEAE413487A1300EE2801 /* PBXContainerItemProxy */ = {
			isa = PBXContainerItemProxy;
			containerPortal = 0867D690FE84028FC02AAC07 /* Project object */;
			proxyType = 1;
			remoteGlobalIDString = D2AAC07D0554694100DB518D;
			remoteInfo = Core;
		};
/* End PBXContainerItemProxy section */

/* Begin PBXFileReference section */
		9A4DE87D134775A400EE2801 /* Parser.h */ = {isa = PBXFileReference; fileEncoding = 4; lastKnownFileType = sourcecode.c.h; path = Parser.h; sourceTree = "<group>"; };
		9A4DE87E134775A400EE2801 /* Parser.m */ = {isa = PBXFileReference; fileEncoding = 4; lastKnownFileType = sourcecode.c.objc; path = Parser.m; sourceTree = "<group>"; };
		9A4DE8C413478FD800EE2801 /* Tests-Info.plist */ = {isa = PBXFileReference; lastKnownFileType = text.plist.xml; path = "Tests-Info.plist"; sourceTree = "<group>"; };
		9A4DE915134793AC00EE2801 /* UnitTests-Info.plist */ = {isa = PBXFileReference; lastKnownFileType = text.plist.xml; path = "UnitTests-Info.plist"; sourceTree = "<group>"; };
		9A4DE91E1347940600EE2801 /* ParserTest.h */ = {isa = PBXFileReference; fileEncoding = 4; lastKnownFileType = sourcecode.c.h; path = ParserTest.h; sourceTree = "<group>"; };
		9A4DE91F1347940600EE2801 /* ParserTest.m */ = {isa = PBXFileReference; fileEncoding = 4; lastKnownFileType = sourcecode.c.objc; path = ParserTest.m; sourceTree = "<group>"; };
		9A4DE924134795D600EE2801 /* Xcode324iOS41TestSuiteWorkaround.m */ = {isa = PBXFileReference; fileEncoding = 4; lastKnownFileType = sourcecode.c.objc; path = Xcode324iOS41TestSuiteWorkaround.m; sourceTree = "<group>"; };
		9A4DEA911348724D00EE2801 /* Unit Tests-Info.plist */ = {isa = PBXFileReference; lastKnownFileType = text.plist.xml; path = "Unit Tests-Info.plist"; sourceTree = "<group>"; };
		9A4DEAB7134875AC00EE2801 /* Tests.octest */ = {isa = PBXFileReference; explicitFileType = wrapper.cfbundle; includeInIndex = 0; path = Tests.octest; sourceTree = BUILT_PRODUCTS_DIR; };
		9A649097134B22520061A36F /* AccountsManager.h */ = {isa = PBXFileReference; fileEncoding = 4; lastKnownFileType = sourcecode.c.h; path = AccountsManager.h; sourceTree = "<group>"; };
		9A649098134B22520061A36F /* AccountsManager.m */ = {isa = PBXFileReference; fileEncoding = 4; lastKnownFileType = sourcecode.c.objc; path = AccountsManager.m; sourceTree = "<group>"; };
		9A64909C134B230E0061A36F /* TransactionManager.h */ = {isa = PBXFileReference; fileEncoding = 4; lastKnownFileType = sourcecode.c.h; path = TransactionManager.h; sourceTree = "<group>"; };
		9A64909D134B230E0061A36F /* TransactionManager.m */ = {isa = PBXFileReference; fileEncoding = 4; lastKnownFileType = sourcecode.c.objc; path = TransactionManager.m; sourceTree = "<group>"; };
		9A6490D0134CCA640061A36F /* AccountsManagerTest.h */ = {isa = PBXFileReference; fileEncoding = 4; lastKnownFileType = sourcecode.c.h; path = AccountsManagerTest.h; sourceTree = "<group>"; };
		9A6490D1134CCA640061A36F /* AccountsManagerTest.m */ = {isa = PBXFileReference; fileEncoding = 4; lastKnownFileType = sourcecode.c.objc; path = AccountsManagerTest.m; sourceTree = "<group>"; };
		AA747D9E0F9514B9006C5449 /* Core_Prefix.pch */ = {isa = PBXFileReference; fileEncoding = 4; lastKnownFileType = sourcecode.c.h; path = Core_Prefix.pch; sourceTree = SOURCE_ROOT; };
		AACBBE490F95108600F1A2B1 /* Foundation.framework */ = {isa = PBXFileReference; lastKnownFileType = wrapper.framework; name = Foundation.framework; path = System/Library/Frameworks/Foundation.framework; sourceTree = SDKROOT; };
		D2AAC07E0554694100DB518D /* libCore.a */ = {isa = PBXFileReference; explicitFileType = archive.ar; includeInIndex = 0; path = libCore.a; sourceTree = BUILT_PRODUCTS_DIR; };
/* End PBXFileReference section */

/* Begin PBXFrameworksBuildPhase section */
		9A4DEAB4134875AC00EE2801 /* Frameworks */ = {
			isa = PBXFrameworksBuildPhase;
			buildActionMask = 2147483647;
			files = (
				9A4DEABA134875B100EE2801 /* libCore.a in Frameworks */,
			);
			runOnlyForDeploymentPostprocessing = 0;
		};
		D2AAC07C0554694100DB518D /* Frameworks */ = {
			isa = PBXFrameworksBuildPhase;
			buildActionMask = 2147483647;
			files = (
				AACBBE4A0F95108600F1A2B1 /* Foundation.framework in Frameworks */,
			);
			runOnlyForDeploymentPostprocessing = 0;
		};
/* End PBXFrameworksBuildPhase section */

/* Begin PBXGroup section */
		034768DFFF38A50411DB9C8B /* Products */ = {
			isa = PBXGroup;
			children = (
				D2AAC07E0554694100DB518D /* libCore.a */,
				9A4DEAB7134875AC00EE2801 /* Tests.octest */,
			);
			name = Products;
			sourceTree = "<group>";
		};
		0867D691FE84028FC02AAC07 /* Core */ = {
			isa = PBXGroup;
			children = (
				9A4DE924134795D600EE2801 /* Xcode324iOS41TestSuiteWorkaround.m */,
				08FB77AEFE84172EC02AAC07 /* Classes */,
				9A4DE90B1347934800EE2801 /* Tests */,
				32C88DFF0371C24200C91783 /* Other Sources */,
				0867D69AFE84028FC02AAC07 /* Frameworks */,
				034768DFFF38A50411DB9C8B /* Products */,
				9A4DE8C413478FD800EE2801 /* Tests-Info.plist */,
				9A4DE915134793AC00EE2801 /* UnitTests-Info.plist */,
				9A4DEA911348724D00EE2801 /* Unit Tests-Info.plist */,
			);
			name = Core;
			sourceTree = "<group>";
		};
		0867D69AFE84028FC02AAC07 /* Frameworks */ = {
			isa = PBXGroup;
			children = (
				AACBBE490F95108600F1A2B1 /* Foundation.framework */,
			);
			name = Frameworks;
			sourceTree = "<group>";
		};
		08FB77AEFE84172EC02AAC07 /* Classes */ = {
			isa = PBXGroup;
			children = (
				9A4DE87D134775A400EE2801 /* Parser.h */,
				9A4DE87E134775A400EE2801 /* Parser.m */,
				9A649097134B22520061A36F /* AccountsManager.h */,
				9A649098134B22520061A36F /* AccountsManager.m */,
				9A64909C134B230E0061A36F /* TransactionManager.h */,
				9A64909D134B230E0061A36F /* TransactionManager.m */,
			);
			name = Classes;
			sourceTree = "<group>";
		};
		32C88DFF0371C24200C91783 /* Other Sources */ = {
			isa = PBXGroup;
			children = (
				AA747D9E0F9514B9006C5449 /* Core_Prefix.pch */,
			);
			name = "Other Sources";
			sourceTree = "<group>";
		};
		9A4DE90B1347934800EE2801 /* Tests */ = {
			isa = PBXGroup;
			children = (
				9A4DE91E1347940600EE2801 /* ParserTest.h */,
				9A4DE91F1347940600EE2801 /* ParserTest.m */,
				9A6490D0134CCA640061A36F /* AccountsManagerTest.h */,
				9A6490D1134CCA640061A36F /* AccountsManagerTest.m */,
			);
			name = Tests;
			sourceTree = "<group>";
		};
/* End PBXGroup section */

/* Begin PBXHeadersBuildPhase section */
		D2AAC07A0554694100DB518D /* Headers */ = {
			isa = PBXHeadersBuildPhase;
			buildActionMask = 2147483647;
			files = (
				AA747D9F0F9514B9006C5449 /* Core_Prefix.pch in Headers */,
				9A4DE87F134775A400EE2801 /* Parser.h in Headers */,
				9A649099134B22520061A36F /* AccountsManager.h in Headers */,
				9A64909E134B230E0061A36F /* TransactionManager.h in Headers */,
			);
			runOnlyForDeploymentPostprocessing = 0;
		};
/* End PBXHeadersBuildPhase section */

/* Begin PBXNativeTarget section */
		9A4DEAB6134875AC00EE2801 /* Tests */ = {
			isa = PBXNativeTarget;
			buildConfigurationList = 9A4DEAC7134875C800EE2801 /* Build configuration list for PBXNativeTarget "Tests" */;
			buildPhases = (
				9A4DEAB2134875AC00EE2801 /* Resources */,
				9A4DEAB3134875AC00EE2801 /* Sources */,
				9A4DEAB4134875AC00EE2801 /* Frameworks */,
				9A4DEAB5134875AC00EE2801 /* ShellScript */,
			);
			buildRules = (
			);
			dependencies = (
				9A4DEAE513487A1300EE2801 /* PBXTargetDependency */,
			);
			name = Tests;
			productName = Tests;
			productReference = 9A4DEAB7134875AC00EE2801 /* Tests.octest */;
			productType = "com.apple.product-type.bundle";
		};
		D2AAC07D0554694100DB518D /* Core */ = {
			isa = PBXNativeTarget;
			buildConfigurationList = 1DEB921E08733DC00010E9CD /* Build configuration list for PBXNativeTarget "Core" */;
			buildPhases = (
				D2AAC07A0554694100DB518D /* Headers */,
				D2AAC07B0554694100DB518D /* Sources */,
				D2AAC07C0554694100DB518D /* Frameworks */,
			);
			buildRules = (
			);
			dependencies = (
			);
			name = Core;
			productName = Core;
			productReference = D2AAC07E0554694100DB518D /* libCore.a */;
			productType = "com.apple.product-type.library.static";
		};
/* End PBXNativeTarget section */

/* Begin PBXProject section */
		0867D690FE84028FC02AAC07 /* Project object */ = {
			isa = PBXProject;
			buildConfigurationList = 1DEB922208733DC00010E9CD /* Build configuration list for PBXProject "Core" */;
			compatibilityVersion = "Xcode 3.1";
			developmentRegion = English;
			hasScannedForEncodings = 1;
			knownRegions = (
				English,
				Japanese,
				French,
				German,
			);
			mainGroup = 0867D691FE84028FC02AAC07 /* Core */;
			productRefGroup = 034768DFFF38A50411DB9C8B /* Products */;
			projectDirPath = "";
			projectRoot = "";
			targets = (
				D2AAC07D0554694100DB518D /* Core */,
				9A4DEAB6134875AC00EE2801 /* Tests */,
			);
		};
/* End PBXProject section */

/* Begin PBXResourcesBuildPhase section */
		9A4DEAB2134875AC00EE2801 /* Resources */ = {
			isa = PBXResourcesBuildPhase;
			buildActionMask = 2147483647;
			files = (
			);
			runOnlyForDeploymentPostprocessing = 0;
		};
/* End PBXResourcesBuildPhase section */

/* Begin PBXShellScriptBuildPhase section */
		9A4DEAB5134875AC00EE2801 /* ShellScript */ = {
			isa = PBXShellScriptBuildPhase;
			buildActionMask = 2147483647;
			files = (
			);
			inputPaths = (
			);
			outputPaths = (
			);
			runOnlyForDeploymentPostprocessing = 0;
			shellPath = /bin/sh;
			shellScript = "# Run the unit tests in this test bundle.\n\"${SYSTEM_DEVELOPER_DIR}/Tools/RunUnitTests\"\n";
		};
/* End PBXShellScriptBuildPhase section */

/* Begin PBXSourcesBuildPhase section */
		9A4DEAB3134875AC00EE2801 /* Sources */ = {
			isa = PBXSourcesBuildPhase;
			buildActionMask = 2147483647;
			files = (
				9A4DEABB134875BC00EE2801 /* Xcode324iOS41TestSuiteWorkaround.m in Sources */,
				9A4DEABC134875BC00EE2801 /* ParserTest.m in Sources */,
				9A64909B134B22520061A36F /* AccountsManager.m in Sources */,
				9A6490A0134B230E0061A36F /* TransactionManager.m in Sources */,
				9A6490D2134CCA640061A36F /* AccountsManagerTest.m in Sources */,
			);
			runOnlyForDeploymentPostprocessing = 0;
		};
		D2AAC07B0554694100DB518D /* Sources */ = {
			isa = PBXSourcesBuildPhase;
			buildActionMask = 2147483647;
			files = (
				9A4DE880134775A400EE2801 /* Parser.m in Sources */,
				9A64909A134B22520061A36F /* AccountsManager.m in Sources */,
				9A64909F134B230E0061A36F /* TransactionManager.m in Sources */,
			);
			runOnlyForDeploymentPostprocessing = 0;
		};
/* End PBXSourcesBuildPhase section */

/* Begin PBXTargetDependency section */
		9A4DEAE513487A1300EE2801 /* PBXTargetDependency */ = {
			isa = PBXTargetDependency;
			target = D2AAC07D0554694100DB518D /* Core */;
			targetProxy = 9A4DEAE413487A1300EE2801 /* PBXContainerItemProxy */;
		};
/* End PBXTargetDependency section */

/* Begin XCBuildConfiguration section */
		1DEB921F08733DC00010E9CD /* Debug */ = {
			isa = XCBuildConfiguration;
			buildSettings = {
				ALWAYS_SEARCH_USER_PATHS = NO;
				ARCHS = "$(ARCHS_STANDARD_32_BIT)";
				COPY_PHASE_STRIP = NO;
				DSTROOT = /tmp/Core.dst;
				GCC_DYNAMIC_NO_PIC = NO;
				GCC_ENABLE_FIX_AND_CONTINUE = YES;
				GCC_MODEL_TUNING = G5;
				GCC_OPTIMIZATION_LEVEL = 0;
				GCC_PRECOMPILE_PREFIX_HEADER = YES;
				GCC_PREFIX_HEADER = Core_Prefix.pch;
				INSTALL_PATH = /usr/local/lib;
				PRODUCT_NAME = Core;
			};
			name = Debug;
		};
		1DEB922008733DC00010E9CD /* Release */ = {
			isa = XCBuildConfiguration;
			buildSettings = {
				ALWAYS_SEARCH_USER_PATHS = NO;
				ARCHS = "$(ARCHS_STANDARD_32_BIT)";
				DSTROOT = /tmp/Core.dst;
				GCC_MODEL_TUNING = G5;
				GCC_PRECOMPILE_PREFIX_HEADER = YES;
				GCC_PREFIX_HEADER = Core_Prefix.pch;
				INSTALL_PATH = /usr/local/lib;
				PRODUCT_NAME = Core;
			};
			name = Release;
		};
		1DEB922308733DC00010E9CD /* Debug */ = {
			isa = XCBuildConfiguration;
			buildSettings = {
				ARCHS = "$(ARCHS_STANDARD_32_BIT)";
				GCC_C_LANGUAGE_STANDARD = c99;
				GCC_OPTIMIZATION_LEVEL = 0;
				GCC_WARN_ABOUT_RETURN_TYPE = YES;
				GCC_WARN_UNUSED_VARIABLE = YES;
				OTHER_LDFLAGS = "-ObjC";
				PREBINDING = NO;
				SDKROOT = iphoneos4.1;
			};
			name = Debug;
		};
		1DEB922408733DC00010E9CD /* Release */ = {
			isa = XCBuildConfiguration;
			buildSettings = {
				ARCHS = "$(ARCHS_STANDARD_32_BIT)";
				GCC_C_LANGUAGE_STANDARD = c99;
				GCC_WARN_ABOUT_RETURN_TYPE = YES;
				GCC_WARN_UNUSED_VARIABLE = YES;
				OTHER_LDFLAGS = "-ObjC";
				PREBINDING = NO;
				SDKROOT = iphoneos4.1;
			};
			name = Release;
		};
		9A4DEAB8134875AD00EE2801 /* Debug */ = {
			isa = XCBuildConfiguration;
			buildSettings = {
				ALWAYS_SEARCH_USER_PATHS = NO;
				"CODE_SIGN_IDENTITY[sdk=iphoneos*]" = "";
				COPY_PHASE_STRIP = NO;
				FRAMEWORK_SEARCH_PATHS = (
					"\"$(SDKROOT)/Developer/Library/Frameworks\"",
					"\"$(DEVELOPER_LIBRARY_DIR)/Frameworks\"",
				);
				GCC_DYNAMIC_NO_PIC = NO;
				GCC_ENABLE_FIX_AND_CONTINUE = NO;
				GCC_ENABLE_OBJC_EXCEPTIONS = YES;
				GCC_OPTIMIZATION_LEVEL = 0;
				INFOPLIST_FILE = "Tests-Info.plist";
				OTHER_LDFLAGS = (
					"-framework",
					Foundation,
					"-framework",
					SenTestingKit,
					"-framework",
					UIKit,
				);
				PREBINDING = NO;
				PRODUCT_NAME = Tests;
				WRAPPER_EXTENSION = octest;
			};
			name = Debug;
		};
		9A4DEAB9134875AD00EE2801 /* Release */ = {
			isa = XCBuildConfiguration;
			buildSettings = {
				ALWAYS_SEARCH_USER_PATHS = NO;
				"CODE_SIGN_IDENTITY[sdk=iphoneos*]" = "";
				COPY_PHASE_STRIP = YES;
				DEBUG_INFORMATION_FORMAT = "dwarf-with-dsym";
				FRAMEWORK_SEARCH_PATHS = (
					"\"$(SDKROOT)/Developer/Library/Frameworks\"",
					"\"$(DEVELOPER_LIBRARY_DIR)/Frameworks\"",
				);
				GCC_ENABLE_FIX_AND_CONTINUE = NO;
				GCC_ENABLE_OBJC_EXCEPTIONS = YES;
				INFOPLIST_FILE = "Tests-Info.plist";
				OTHER_LDFLAGS = (
					"-framework",
					Foundation,
					"-framework",
					SenTestingKit,
					"-framework",
					UIKit,
				);
				PREBINDING = NO;
				PRODUCT_NAME = Tests;
				WRAPPER_EXTENSION = octest;
				ZERO_LINK = NO;
			};
			name = Release;
		};
/* End XCBuildConfiguration section */

/* Begin XCConfigurationList section */
		1DEB921E08733DC00010E9CD /* Build configuration list for PBXNativeTarget "Core" */ = {
			isa = XCConfigurationList;
			buildConfigurations = (
				1DEB921F08733DC00010E9CD /* Debug */,
				1DEB922008733DC00010E9CD /* Release */,
			);
			defaultConfigurationIsVisible = 0;
			defaultConfigurationName = Release;
		};
		1DEB922208733DC00010E9CD /* Build configuration list for PBXProject "Core" */ = {
			isa = XCConfigurationList;
			buildConfigurations = (
				1DEB922308733DC00010E9CD /* Debug */,
				1DEB922408733DC00010E9CD /* Release */,
			);
			defaultConfigurationIsVisible = 0;
			defaultConfigurationName = Release;
		};
		9A4DEAC7134875C800EE2801 /* Build configuration list for PBXNativeTarget "Tests" */ = {
			isa = XCConfigurationList;
			buildConfigurations = (
				9A4DEAB8134875AD00EE2801 /* Debug */,
				9A4DEAB9134875AD00EE2801 /* Release */,
			);
			defaultConfigurationIsVisible = 0;
			defaultConfigurationName = Release;
		};
/* End XCConfigurationList section */
	};
	rootObject = 0867D690FE84028FC02AAC07 /* Project object */;
}
